
Microsoft Visual Studio Solution File, Format Version 12.00
# Visual Studio Version 17
VisualStudioVersion = 17.13.35825.156 d17.13
MinimumVisualStudioVersion = 10.0.40219.1
Project("{FAE04EC0-301F-11D3-BF4B-00C04F79EFBC}") = "Form1.cs", "Form1.cs\Form1.cs.csproj", "{DBE57130-3EAA-48D6-8584-6E4DF74F1762}"
EndProject
Global
	GlobalSection(SolutionConfigurationPlatforms) = preSolution
		Debug|Any CPU = Debug|Any CPU
		Release|Any CPU = Release|Any CPU
	EndGlobalSection
	GlobalSection(ProjectConfigurationPlatforms) = postSolution
		{DBE57130-3EAA-48D6-8584-6E4DF74F1762}.Debug|Any CPU.ActiveCfg = Debug|Any CPU
		{DBE57130-3EAA-48D6-8584-6E4DF74F1762}.Debug|Any CPU.Build.0 = Debug|Any CPU
		{DBE57130-3EAA-48D6-8584-6E4DF74F1762}.Release|Any CPU.ActiveCfg = Release|Any CPU
		{DBE57130-3EAA-48D6-8584-6E4DF74F1762}.Release|Any CPU.Build.0 = Release|Any CPU
	EndGlobalSection
	GlobalSection(SolutionProperties) = preSolution
		HideSolutionNode = FALSE
	EndGlobalSection
	GlobalSection(ExtensibilityGlobals) = postSolution
		SolutionGuid = {451D0245-6D37-4550-987F-AFDE05FBE613}
	EndGlobalSection
EndGlobal
